
Microsoft Visual Studio Solution File, Format Version 12.00
# Visual Studio Version 17
VisualStudioVersion = 17.7.34031.279
MinimumVisualStudioVersion = 10.0.40219.1
Project("{FAE04EC0-301F-11D3-BF4B-00C04F79EFBC}") = "AppSorveteriaSimples", "AppSorveteriaSimples.csproj", "{994B5089-7323-4445-B4A0-5DE19E343FC0}"
EndProject
Global
	GlobalSection(SolutionConfigurationPlatforms) = preSolution
		Debug|Any CPU = Debug|Any CPU
		Release|Any CPU = Release|Any CPU
	EndGlobalSection
	GlobalSection(ProjectConfigurationPlatforms) = postSolution
		{994B5089-7323-4445-B4A0-5DE19E343FC0}.Debug|Any CPU.ActiveCfg = Debug|Any CPU
		{994B5089-7323-4445-B4A0-5DE19E343FC0}.Debug|Any CPU.Build.0 = Debug|Any CPU
		{994B5089-7323-4445-B4A0-5DE19E343FC0}.Release|Any CPU.ActiveCfg = Release|Any CPU
		{994B5089-7323-4445-B4A0-5DE19E343FC0}.Release|Any CPU.Build.0 = Release|Any CPU
	EndGlobalSection
	GlobalSection(SolutionProperties) = preSolution
		HideSolutionNode = FALSE
	EndGlobalSection
	GlobalSection(ExtensibilityGlobals) = postSolution
		SolutionGuid = {6806A727-3B44-4A59-8F91-92EBBE0E1E45}
	EndGlobalSection
EndGlobal
